// !$*UTF8*$!
{
	archiveVersion = 1;
	classes = {
	};
	objectVersion = 56;
	objects = {

/* Begin PBXBuildFile section */
		4FC0E03D2C0F3B5700CB7FFB /* AppDelegate.swift in Sources */ = {isa = PBXBuildFile; fileRef = 4FC0E03C2C0F3B5700CB7FFB /* AppDelegate.swift */; };
		4FC0E03F2C0F3B5700CB7FFB /* SceneDelegate.swift in Sources */ = {isa = PBXBuildFile; fileRef = 4FC0E03E2C0F3B5700CB7FFB /* SceneDelegate.swift */; };
		4FC0E0412C0F3B5700CB7FFB /* ViewController.swift in Sources */ = {isa = PBXBuildFile; fileRef = 4FC0E0402C0F3B5700CB7FFB /* ViewController.swift */; };
		4FC0E0462C0F3B5800CB7FFB /* Assets.xcassets in Resources */ = {isa = PBXBuildFile; fileRef = 4FC0E0452C0F3B5800CB7FFB /* Assets.xcassets */; };
		4FC0E0492C0F3B5800CB7FFB /* Base in Resources */ = {isa = PBXBuildFile; fileRef = 4FC0E0482C0F3B5800CB7FFB /* Base */; };
		4FC0E0542C0F3B5900CB7FFB /* Test_taskTests.swift in Sources */ = {isa = PBXBuildFile; fileRef = 4FC0E0532C0F3B5900CB7FFB /* Test_taskTests.swift */; };
		4FC0E05E2C0F3B5900CB7FFB /* Test_taskUITests.swift in Sources */ = {isa = PBXBuildFile; fileRef = 4FC0E05D2C0F3B5900CB7FFB /* Test_taskUITests.swift */; };
		4FC0E0602C0F3B5900CB7FFB /* Test_taskUITestsLaunchTests.swift in Sources */ = {isa = PBXBuildFile; fileRef = 4FC0E05F2C0F3B5900CB7FFB /* Test_taskUITestsLaunchTests.swift */; };
		4FC0E06D2C0F421E00CB7FFB /* MainView.swift in Sources */ = {isa = PBXBuildFile; fileRef = 4FC0E06C2C0F421E00CB7FFB /* MainView.swift */; };
		4FC0E06F2C0F428A00CB7FFB /* AutoLayoutDSL.swift in Sources */ = {isa = PBXBuildFile; fileRef = 4FC0E06E2C0F428A00CB7FFB /* AutoLayoutDSL.swift */; };
		4FC0E0712C0F434D00CB7FFB /* Item.swift in Sources */ = {isa = PBXBuildFile; fileRef = 4FC0E0702C0F434D00CB7FFB /* Item.swift */; };
		4FC0E0742C0F44EC00CB7FFB /* CustomCell.swift in Sources */ = {isa = PBXBuildFile; fileRef = 4FC0E0732C0F44EC00CB7FFB /* CustomCell.swift */; };
		4FC0E0762C0F671C00CB7FFB /* NetworkController.swift in Sources */ = {isa = PBXBuildFile; fileRef = 4FC0E0752C0F671C00CB7FFB /* NetworkController.swift */; };
		4FC0E07A2C0F727F00CB7FFB /* UIView+Extension.swift in Sources */ = {isa = PBXBuildFile; fileRef = 4FC0E0792C0F727F00CB7FFB /* UIView+Extension.swift */; };
/* End PBXBuildFile section */

/* Begin PBXContainerItemProxy section */
		4FC0E0502C0F3B5900CB7FFB /* PBXContainerItemProxy */ = {
			isa = PBXContainerItemProxy;
			containerPortal = 4FC0E0312C0F3B5700CB7FFB /* Project object */;
			proxyType = 1;
			remoteGlobalIDString = 4FC0E0382C0F3B5700CB7FFB;
			remoteInfo = "Test task";
		};
		4FC0E05A2C0F3B5900CB7FFB /* PBXContainerItemProxy */ = {
			isa = PBXContainerItemProxy;
			containerPortal = 4FC0E0312C0F3B5700CB7FFB /* Project object */;
			proxyType = 1;
			remoteGlobalIDString = 4FC0E0382C0F3B5700CB7FFB;
			remoteInfo = "Test task";
		};
/* End PBXContainerItemProxy section */

/* Begin PBXFileReference section */
		4FC0E0392C0F3B5700CB7FFB /* Test task.app */ = {isa = PBXFileReference; explicitFileType = wrapper.application; includeInIndex = 0; path = "Test task.app"; sourceTree = BUILT_PRODUCTS_DIR; };
		4FC0E03C2C0F3B5700CB7FFB /* AppDelegate.swift */ = {isa = PBXFileReference; lastKnownFileType = sourcecode.swift; path = AppDelegate.swift; sourceTree = "<group>"; };
		4FC0E03E2C0F3B5700CB7FFB /* SceneDelegate.swift */ = {isa = PBXFileReference; lastKnownFileType = sourcecode.swift; path = SceneDelegate.swift; sourceTree = "<group>"; };
		4FC0E0402C0F3B5700CB7FFB /* ViewController.swift */ = {isa = PBXFileReference; lastKnownFileType = sourcecode.swift; path = ViewController.swift; sourceTree = "<group>"; };
		4FC0E0452C0F3B5800CB7FFB /* Assets.xcassets */ = {isa = PBXFileReference; lastKnownFileType = folder.assetcatalog; path = Assets.xcassets; sourceTree = "<group>"; };
		4FC0E0482C0F3B5800CB7FFB /* Base */ = {isa = PBXFileReference; lastKnownFileType = file.storyboard; name = Base; path = Base.lproj/LaunchScreen.storyboard; sourceTree = "<group>"; };
		4FC0E04A2C0F3B5800CB7FFB /* Info.plist */ = {isa = PBXFileReference; lastKnownFileType = text.plist.xml; path = Info.plist; sourceTree = "<group>"; };
		4FC0E04F2C0F3B5900CB7FFB /* Test taskTests.xctest */ = {isa = PBXFileReference; explicitFileType = wrapper.cfbundle; includeInIndex = 0; path = "Test taskTests.xctest"; sourceTree = BUILT_PRODUCTS_DIR; };
		4FC0E0532C0F3B5900CB7FFB /* Test_taskTests.swift */ = {isa = PBXFileReference; lastKnownFileType = sourcecode.swift; path = Test_taskTests.swift; sourceTree = "<group>"; };
		4FC0E0592C0F3B5900CB7FFB /* Test taskUITests.xctest */ = {isa = PBXFileReference; explicitFileType = wrapper.cfbundle; includeInIndex = 0; path = "Test taskUITests.xctest"; sourceTree = BUILT_PRODUCTS_DIR; };
		4FC0E05D2C0F3B5900CB7FFB /* Test_taskUITests.swift */ = {isa = PBXFileReference; lastKnownFileType = sourcecode.swift; path = Test_taskUITests.swift; sourceTree = "<group>"; };
		4FC0E05F2C0F3B5900CB7FFB /* Test_taskUITestsLaunchTests.swift */ = {isa = PBXFileReference; lastKnownFileType = sourcecode.swift; path = Test_taskUITestsLaunchTests.swift; sourceTree = "<group>"; };
		4FC0E06C2C0F421E00CB7FFB /* MainView.swift */ = {isa = PBXFileReference; lastKnownFileType = sourcecode.swift; path = MainView.swift; sourceTree = "<group>"; };
		4FC0E06E2C0F428A00CB7FFB /* AutoLayoutDSL.swift */ = {isa = PBXFileReference; fileEncoding = 4; lastKnownFileType = sourcecode.swift; path = AutoLayoutDSL.swift; sourceTree = "<group>"; };
		4FC0E0702C0F434D00CB7FFB /* Item.swift */ = {isa = PBXFileReference; lastKnownFileType = sourcecode.swift; path = Item.swift; sourceTree = "<group>"; };
		4FC0E0732C0F44EC00CB7FFB /* CustomCell.swift */ = {isa = PBXFileReference; lastKnownFileType = sourcecode.swift; path = CustomCell.swift; sourceTree = "<group>"; };
		4FC0E0752C0F671C00CB7FFB /* NetworkController.swift */ = {isa = PBXFileReference; lastKnownFileType = sourcecode.swift; path = NetworkController.swift; sourceTree = "<group>"; };
		4FC0E0792C0F727F00CB7FFB /* UIView+Extension.swift */ = {isa = PBXFileReference; lastKnownFileType = sourcecode.swift; path = "UIView+Extension.swift"; sourceTree = "<group>"; };
/* End PBXFileReference section */

/* Begin PBXFrameworksBuildPhase section */
		4FC0E0362C0F3B5700CB7FFB /* Frameworks */ = {
			isa = PBXFrameworksBuildPhase;
			buildActionMask = 2147483647;
			files = (
			);
			runOnlyForDeploymentPostprocessing = 0;
		};
		4FC0E04C2C0F3B5900CB7FFB /* Frameworks */ = {
			isa = PBXFrameworksBuildPhase;
			buildActionMask = 2147483647;
			files = (
			);
			runOnlyForDeploymentPostprocessing = 0;
		};
		4FC0E0562C0F3B5900CB7FFB /* Frameworks */ = {
			isa = PBXFrameworksBuildPhase;
			buildActionMask = 2147483647;
			files = (
			);
			runOnlyForDeploymentPostprocessing = 0;
		};
/* End PBXFrameworksBuildPhase section */

/* Begin PBXGroup section */
		4FC0E0302C0F3B5700CB7FFB = {
			isa = PBXGroup;
			children = (
				4FC0E03B2C0F3B5700CB7FFB /* Test task */,
				4FC0E0522C0F3B5900CB7FFB /* Test taskTests */,
				4FC0E05C2C0F3B5900CB7FFB /* Test taskUITests */,
				4FC0E03A2C0F3B5700CB7FFB /* Products */,
			);
			sourceTree = "<group>";
		};
		4FC0E03A2C0F3B5700CB7FFB /* Products */ = {
			isa = PBXGroup;
			children = (
				4FC0E0392C0F3B5700CB7FFB /* Test task.app */,
				4FC0E04F2C0F3B5900CB7FFB /* Test taskTests.xctest */,
				4FC0E0592C0F3B5900CB7FFB /* Test taskUITests.xctest */,
			);
			name = Products;
			sourceTree = "<group>";
		};
		4FC0E03B2C0F3B5700CB7FFB /* Test task */ = {
			isa = PBXGroup;
			children = (
				4FC9F2792C11BB330061C7FD /* AppFlow */,
				4FC9F27A2C11BB490061C7FD /* ViewController */,
				4FC9F2772C11BB170061C7FD /* Network */,
				4FC0E0722C0F435400CB7FFB /* Model */,
				4FC9F2782C11BB200061C7FD /* Extensions */,
				4FC0E0452C0F3B5800CB7FFB /* Assets.xcassets */,
				4FC0E0472C0F3B5800CB7FFB /* LaunchScreen.storyboard */,
				4FC0E04A2C0F3B5800CB7FFB /* Info.plist */,
			);
			path = "Test task";
			sourceTree = "<group>";
		};
		4FC0E0522C0F3B5900CB7FFB /* Test taskTests */ = {
			isa = PBXGroup;
			children = (
				4FC0E0532C0F3B5900CB7FFB /* Test_taskTests.swift */,
			);
			path = "Test taskTests";
			sourceTree = "<group>";
		};
		4FC0E05C2C0F3B5900CB7FFB /* Test taskUITests */ = {
			isa = PBXGroup;
			children = (
				4FC0E05D2C0F3B5900CB7FFB /* Test_taskUITests.swift */,
				4FC0E05F2C0F3B5900CB7FFB /* Test_taskUITestsLaunchTests.swift */,
			);
			path = "Test taskUITests";
			sourceTree = "<group>";
		};
		4FC0E0722C0F435400CB7FFB /* Model */ = {
			isa = PBXGroup;
			children = (
				4FC0E0702C0F434D00CB7FFB /* Item.swift */,
			);
			path = Model;
			sourceTree = "<group>";
		};
		4FC9F2772C11BB170061C7FD /* Network */ = {
			isa = PBXGroup;
			children = (
				4FC0E0752C0F671C00CB7FFB /* NetworkController.swift */,
			);
			path = Network;
			sourceTree = "<group>";
		};
		4FC9F2782C11BB200061C7FD /* Extensions */ = {
			isa = PBXGroup;
			children = (
				4FC0E06E2C0F428A00CB7FFB /* AutoLayoutDSL.swift */,
				4FC0E0792C0F727F00CB7FFB /* UIView+Extension.swift */,
			);
			path = Extensions;
			sourceTree = "<group>";
		};
		4FC9F2792C11BB330061C7FD /* AppFlow */ = {
			isa = PBXGroup;
			children = (
				4FC0E03C2C0F3B5700CB7FFB /* AppDelegate.swift */,
				4FC0E03E2C0F3B5700CB7FFB /* SceneDelegate.swift */,
			);
			path = AppFlow;
			sourceTree = "<group>";
		};
		4FC9F27A2C11BB490061C7FD /* ViewController */ = {
			isa = PBXGroup;
			children = (
				4FC0E0402C0F3B5700CB7FFB /* ViewController.swift */,
				4FC9F27B2C11BB520061C7FD /* View */,
			);
			path = ViewController;
			sourceTree = "<group>";
		};
		4FC9F27B2C11BB520061C7FD /* View */ = {
			isa = PBXGroup;
			children = (
				4FC0E06C2C0F421E00CB7FFB /* MainView.swift */,
				4FC0E0732C0F44EC00CB7FFB /* CustomCell.swift */,
			);
			path = View;
			sourceTree = "<group>";
		};
/* End PBXGroup section */

/* Begin PBXNativeTarget section */
		4FC0E0382C0F3B5700CB7FFB /* Test task */ = {
			isa = PBXNativeTarget;
			buildConfigurationList = 4FC0E0632C0F3B5900CB7FFB /* Build configuration list for PBXNativeTarget "Test task" */;
			buildPhases = (
				4FC0E0352C0F3B5700CB7FFB /* Sources */,
				4FC0E0362C0F3B5700CB7FFB /* Frameworks */,
				4FC0E0372C0F3B5700CB7FFB /* Resources */,
			);
			buildRules = (
			);
			dependencies = (
			);
			name = "Test task";
			productName = "Test task";
			productReference = 4FC0E0392C0F3B5700CB7FFB /* Test task.app */;
			productType = "com.apple.product-type.application";
		};
		4FC0E04E2C0F3B5900CB7FFB /* Test taskTests */ = {
			isa = PBXNativeTarget;
			buildConfigurationList = 4FC0E0662C0F3B5900CB7FFB /* Build configuration list for PBXNativeTarget "Test taskTests" */;
			buildPhases = (
				4FC0E04B2C0F3B5900CB7FFB /* Sources */,
				4FC0E04C2C0F3B5900CB7FFB /* Frameworks */,
				4FC0E04D2C0F3B5900CB7FFB /* Resources */,
			);
			buildRules = (
			);
			dependencies = (
				4FC0E0512C0F3B5900CB7FFB /* PBXTargetDependency */,
			);
			name = "Test taskTests";
			productName = "Test taskTests";
			productReference = 4FC0E04F2C0F3B5900CB7FFB /* Test taskTests.xctest */;
			productType = "com.apple.product-type.bundle.unit-test";
		};
		4FC0E0582C0F3B5900CB7FFB /* Test taskUITests */ = {
			isa = PBXNativeTarget;
			buildConfigurationList = 4FC0E0692C0F3B5900CB7FFB /* Build configuration list for PBXNativeTarget "Test taskUITests" */;
			buildPhases = (
				4FC0E0552C0F3B5900CB7FFB /* Sources */,
				4FC0E0562C0F3B5900CB7FFB /* Frameworks */,
				4FC0E0572C0F3B5900CB7FFB /* Resources */,
			);
			buildRules = (
			);
			dependencies = (
				4FC0E05B2C0F3B5900CB7FFB /* PBXTargetDependency */,
			);
			name = "Test taskUITests";
			productName = "Test taskUITests";
			productReference = 4FC0E0592C0F3B5900CB7FFB /* Test taskUITests.xctest */;
			productType = "com.apple.product-type.bundle.ui-testing";
		};
/* End PBXNativeTarget section */

/* Begin PBXProject section */
		4FC0E0312C0F3B5700CB7FFB /* Project object */ = {
			isa = PBXProject;
			attributes = {
				BuildIndependentTargetsInParallel = 1;
				LastSwiftUpdateCheck = 1530;
				LastUpgradeCheck = 1530;
				TargetAttributes = {
					4FC0E0382C0F3B5700CB7FFB = {
						CreatedOnToolsVersion = 15.3;
					};
					4FC0E04E2C0F3B5900CB7FFB = {
						CreatedOnToolsVersion = 15.3;
						TestTargetID = 4FC0E0382C0F3B5700CB7FFB;
					};
					4FC0E0582C0F3B5900CB7FFB = {
						CreatedOnToolsVersion = 15.3;
						TestTargetID = 4FC0E0382C0F3B5700CB7FFB;
					};
				};
			};
			buildConfigurationList = 4FC0E0342C0F3B5700CB7FFB /* Build configuration list for PBXProject "Test task" */;
			compatibilityVersion = "Xcode 14.0";
			developmentRegion = en;
			hasScannedForEncodings = 0;
			knownRegions = (
				en,
				Base,
			);
			mainGroup = 4FC0E0302C0F3B5700CB7FFB;
			productRefGroup = 4FC0E03A2C0F3B5700CB7FFB /* Products */;
			projectDirPath = "";
			projectRoot = "";
			targets = (
				4FC0E0382C0F3B5700CB7FFB /* Test task */,
				4FC0E04E2C0F3B5900CB7FFB /* Test taskTests */,
				4FC0E0582C0F3B5900CB7FFB /* Test taskUITests */,
			);
		};
/* End PBXProject section */

/* Begin PBXResourcesBuildPhase section */
		4FC0E0372C0F3B5700CB7FFB /* Resources */ = {
			isa = PBXResourcesBuildPhase;
			buildActionMask = 2147483647;
			files = (
				4FC0E0462C0F3B5800CB7FFB /* Assets.xcassets in Resources */,
				4FC0E0492C0F3B5800CB7FFB /* Base in Resources */,
			);
			runOnlyForDeploymentPostprocessing = 0;
		};
		4FC0E04D2C0F3B5900CB7FFB /* Resources */ = {
			isa = PBXResourcesBuildPhase;
			buildActionMask = 2147483647;
			files = (
			);
			runOnlyForDeploymentPostprocessing = 0;
		};
		4FC0E0572C0F3B5900CB7FFB /* Resources */ = {
			isa = PBXResourcesBuildPhase;
			buildActionMask = 2147483647;
			files = (
			);
			runOnlyForDeploymentPostprocessing = 0;
		};
/* End PBXResourcesBuildPhase section */

/* Begin PBXSourcesBuildPhase section */
		4FC0E0352C0F3B5700CB7FFB /* Sources */ = {
			isa = PBXSourcesBuildPhase;
			buildActionMask = 2147483647;
			files = (
				4FC0E0762C0F671C00CB7FFB /* NetworkController.swift in Sources */,
				4FC0E0412C0F3B5700CB7FFB /* ViewController.swift in Sources */,
				4FC0E06D2C0F421E00CB7FFB /* MainView.swift in Sources */,
				4FC0E06F2C0F428A00CB7FFB /* AutoLayoutDSL.swift in Sources */,
				4FC0E03D2C0F3B5700CB7FFB /* AppDelegate.swift in Sources */,
				4FC0E0712C0F434D00CB7FFB /* Item.swift in Sources */,
				4FC0E0742C0F44EC00CB7FFB /* CustomCell.swift in Sources */,
				4FC0E07A2C0F727F00CB7FFB /* UIView+Extension.swift in Sources */,
				4FC0E03F2C0F3B5700CB7FFB /* SceneDelegate.swift in Sources */,
			);
			runOnlyForDeploymentPostprocessing = 0;
		};
		4FC0E04B2C0F3B5900CB7FFB /* Sources */ = {
			isa = PBXSourcesBuildPhase;
			buildActionMask = 2147483647;
			files = (
				4FC0E0542C0F3B5900CB7FFB /* Test_taskTests.swift in Sources */,
			);
			runOnlyForDeploymentPostprocessing = 0;
		};
		4FC0E0552C0F3B5900CB7FFB /* Sources */ = {
			isa = PBXSourcesBuildPhase;
			buildActionMask = 2147483647;
			files = (
				4FC0E05E2C0F3B5900CB7FFB /* Test_taskUITests.swift in Sources */,
				4FC0E0602C0F3B5900CB7FFB /* Test_taskUITestsLaunchTests.swift in Sources */,
			);
			runOnlyForDeploymentPostprocessing = 0;
		};
/* End PBXSourcesBuildPhase section */

/* Begin PBXTargetDependency section */
		4FC0E0512C0F3B5900CB7FFB /* PBXTargetDependency */ = {
			isa = PBXTargetDependency;
			target = 4FC0E0382C0F3B5700CB7FFB /* Test task */;
			targetProxy = 4FC0E0502C0F3B5900CB7FFB /* PBXContainerItemProxy */;
		};
		4FC0E05B2C0F3B5900CB7FFB /* PBXTargetDependency */ = {
			isa = PBXTargetDependency;
			target = 4FC0E0382C0F3B5700CB7FFB /* Test task */;
			targetProxy = 4FC0E05A2C0F3B5900CB7FFB /* PBXContainerItemProxy */;
		};
/* End PBXTargetDependency section */

/* Begin PBXVariantGroup section */
		4FC0E0472C0F3B5800CB7FFB /* LaunchScreen.storyboard */ = {
			isa = PBXVariantGroup;
			children = (
				4FC0E0482C0F3B5800CB7FFB /* Base */,
			);
			name = LaunchScreen.storyboard;
			sourceTree = "<group>";
		};
/* End PBXVariantGroup section */

/* Begin XCBuildConfiguration section */
		4FC0E0612C0F3B5900CB7FFB /* Debug */ = {
			isa = XCBuildConfiguration;
			buildSettings = {
				ALWAYS_SEARCH_USER_PATHS = NO;
				ASSETCATALOG_COMPILER_GENERATE_SWIFT_ASSET_SYMBOL_EXTENSIONS = YES;
				CLANG_ANALYZER_NONNULL = YES;
				CLANG_ANALYZER_NUMBER_OBJECT_CONVERSION = YES_AGGRESSIVE;
				CLANG_CXX_LANGUAGE_STANDARD = "gnu++20";
				CLANG_ENABLE_MODULES = YES;
				CLANG_ENABLE_OBJC_ARC = YES;
				CLANG_ENABLE_OBJC_WEAK = YES;
				CLANG_WARN_BLOCK_CAPTURE_AUTORELEASING = YES;
				CLANG_WARN_BOOL_CONVERSION = YES;
				CLANG_WARN_COMMA = YES;
				CLANG_WARN_CONSTANT_CONVERSION = YES;
				CLANG_WARN_DEPRECATED_OBJC_IMPLEMENTATIONS = YES;
				CLANG_WARN_DIRECT_OBJC_ISA_USAGE = YES_ERROR;
				CLANG_WARN_DOCUMENTATION_COMMENTS = YES;
				CLANG_WARN_EMPTY_BODY = YES;
				CLANG_WARN_ENUM_CONVERSION = YES;
				CLANG_WARN_INFINITE_RECURSION = YES;
				CLANG_WARN_INT_CONVERSION = YES;
				CLANG_WARN_NON_LITERAL_NULL_CONVERSION = YES;
				CLANG_WARN_OBJC_IMPLICIT_RETAIN_SELF = YES;
				CLANG_WARN_OBJC_LITERAL_CONVERSION = YES;
				CLANG_WARN_OBJC_ROOT_CLASS = YES_ERROR;
				CLANG_WARN_QUOTED_INCLUDE_IN_FRAMEWORK_HEADER = YES;
				CLANG_WARN_RANGE_LOOP_ANALYSIS = YES;
				CLANG_WARN_STRICT_PROTOTYPES = YES;
				CLANG_WARN_SUSPICIOUS_MOVE = YES;
				CLANG_WARN_UNGUARDED_AVAILABILITY = YES_AGGRESSIVE;
				CLANG_WARN_UNREACHABLE_CODE = YES;
				CLANG_WARN__DUPLICATE_METHOD_MATCH = YES;
				COPY_PHASE_STRIP = NO;
				DEBUG_INFORMATION_FORMAT = dwarf;
				ENABLE_STRICT_OBJC_MSGSEND = YES;
				ENABLE_TESTABILITY = YES;
				ENABLE_USER_SCRIPT_SANDBOXING = YES;
				GCC_C_LANGUAGE_STANDARD = gnu17;
				GCC_DYNAMIC_NO_PIC = NO;
				GCC_NO_COMMON_BLOCKS = YES;
				GCC_OPTIMIZATION_LEVEL = 0;
				GCC_PREPROCESSOR_DEFINITIONS = (
					"DEBUG=1",
					"$(inherited)",
				);
				GCC_WARN_64_TO_32_BIT_CONVERSION = YES;
				GCC_WARN_ABOUT_RETURN_TYPE = YES_ERROR;
				GCC_WARN_UNDECLARED_SELECTOR = YES;
				GCC_WARN_UNINITIALIZED_AUTOS = YES_AGGRESSIVE;
				GCC_WARN_UNUSED_FUNCTION = YES;
				GCC_WARN_UNUSED_VARIABLE = YES;
				IPHONEOS_DEPLOYMENT_TARGET = 17.4;
				LOCALIZATION_PREFERS_STRING_CATALOGS = YES;
				MTL_ENABLE_DEBUG_INFO = INCLUDE_SOURCE;
				MTL_FAST_MATH = YES;
				ONLY_ACTIVE_ARCH = YES;
				SDKROOT = iphoneos;
				SWIFT_ACTIVE_COMPILATION_CONDITIONS = "DEBUG $(inherited)";
				SWIFT_OPTIMIZATION_LEVEL = "-Onone";
			};
			name = Debug;
		};
		4FC0E0622C0F3B5900CB7FFB /* Release */ = {
			isa = XCBuildConfiguration;
			buildSettings = {
				ALWAYS_SEARCH_USER_PATHS = NO;
				ASSETCATALOG_COMPILER_GENERATE_SWIFT_ASSET_SYMBOL_EXTENSIONS = YES;
				CLANG_ANALYZER_NONNULL = YES;
				CLANG_ANALYZER_NUMBER_OBJECT_CONVERSION = YES_AGGRESSIVE;
				CLANG_CXX_LANGUAGE_STANDARD = "gnu++20";
				CLANG_ENABLE_MODULES = YES;
				CLANG_ENABLE_OBJC_ARC = YES;
				CLANG_ENABLE_OBJC_WEAK = YES;
				CLANG_WARN_BLOCK_CAPTURE_AUTORELEASING = YES;
				CLANG_WARN_BOOL_CONVERSION = YES;
				CLANG_WARN_COMMA = YES;
				CLANG_WARN_CONSTANT_CONVERSION = YES;
				CLANG_WARN_DEPRECATED_OBJC_IMPLEMENTATIONS = YES;
				CLANG_WARN_DIRECT_OBJC_ISA_USAGE = YES_ERROR;
				CLANG_WARN_DOCUMENTATION_COMMENTS = YES;
				CLANG_WARN_EMPTY_BODY = YES;
				CLANG_WARN_ENUM_CONVERSION = YES;
				CLANG_WARN_INFINITE_RECURSION = YES;
				CLANG_WARN_INT_CONVERSION = YES;
				CLANG_WARN_NON_LITERAL_NULL_CONVERSION = YES;
				CLANG_WARN_OBJC_IMPLICIT_RETAIN_SELF = YES;
				CLANG_WARN_OBJC_LITERAL_CONVERSION = YES;
				CLANG_WARN_OBJC_ROOT_CLASS = YES_ERROR;
				CLANG_WARN_QUOTED_INCLUDE_IN_FRAMEWORK_HEADER = YES;
				CLANG_WARN_RANGE_LOOP_ANALYSIS = YES;
				CLANG_WARN_STRICT_PROTOTYPES = YES;
				CLANG_WARN_SUSPICIOUS_MOVE = YES;
				CLANG_WARN_UNGUARDED_AVAILABILITY = YES_AGGRESSIVE;
				CLANG_WARN_UNREACHABLE_CODE = YES;
				CLANG_WARN__DUPLICATE_METHOD_MATCH = YES;
				COPY_PHASE_STRIP = NO;
				DEBUG_INFORMATION_FORMAT = "dwarf-with-dsym";
				ENABLE_NS_ASSERTIONS = NO;
				ENABLE_STRICT_OBJC_MSGSEND = YES;
				ENABLE_USER_SCRIPT_SANDBOXING = YES;
				GCC_C_LANGUAGE_STANDARD = gnu17;
				GCC_NO_COMMON_BLOCKS = YES;
				GCC_WARN_64_TO_32_BIT_CONVERSION = YES;
				GCC_WARN_ABOUT_RETURN_TYPE = YES_ERROR;
				GCC_WARN_UNDECLARED_SELECTOR = YES;
				GCC_WARN_UNINITIALIZED_AUTOS = YES_AGGRESSIVE;
				GCC_WARN_UNUSED_FUNCTION = YES;
				GCC_WARN_UNUSED_VARIABLE = YES;
				IPHONEOS_DEPLOYMENT_TARGET = 17.4;
				LOCALIZATION_PREFERS_STRING_CATALOGS = YES;
				MTL_ENABLE_DEBUG_INFO = NO;
				MTL_FAST_MATH = YES;
				SDKROOT = iphoneos;
				SWIFT_COMPILATION_MODE = wholemodule;
				VALIDATE_PRODUCT = YES;
			};
			name = Release;
		};
		4FC0E0642C0F3B5900CB7FFB /* Debug */ = {
			isa = XCBuildConfiguration;
			buildSettings = {
				ASSETCATALOG_COMPILER_APPICON_NAME = AppIcon;
				ASSETCATALOG_COMPILER_GLOBAL_ACCENT_COLOR_NAME = AccentColor;
				CODE_SIGN_STYLE = Automatic;
				CURRENT_PROJECT_VERSION = 1;
				DEVELOPMENT_TEAM = M439QAGBDK;
				GENERATE_INFOPLIST_FILE = YES;
				INFOPLIST_FILE = "Test task/Info.plist";
				INFOPLIST_KEY_UIApplicationSupportsIndirectInputEvents = YES;
				INFOPLIST_KEY_UILaunchStoryboardName = LaunchScreen;
				INFOPLIST_KEY_UISupportedInterfaceOrientations_iPad = "UIInterfaceOrientationPortrait UIInterfaceOrientationPortraitUpsideDown UIInterfaceOrientationLandscapeLeft UIInterfaceOrientationLandscapeRight";
				INFOPLIST_KEY_UISupportedInterfaceOrientations_iPhone = "UIInterfaceOrientationPortrait UIInterfaceOrientationLandscapeLeft UIInterfaceOrientationLandscapeRight";
				LD_RUNPATH_SEARCH_PATHS = (
					"$(inherited)",
					"@executable_path/Frameworks",
				);
				MARKETING_VERSION = 1.0;
				PRODUCT_BUNDLE_IDENTIFIER = "delete.Test-task";
				PRODUCT_NAME = "$(TARGET_NAME)";
				SWIFT_EMIT_LOC_STRINGS = YES;
				SWIFT_VERSION = 5.0;
				TARGETED_DEVICE_FAMILY = "1,2";
			};
			name = Debug;
		};
		4FC0E0652C0F3B5900CB7FFB /* Release */ = {
			isa = XCBuildConfiguration;
			buildSettings = {
				ASSETCATALOG_COMPILER_APPICON_NAME = AppIcon;
				ASSETCATALOG_COMPILER_GLOBAL_ACCENT_COLOR_NAME = AccentColor;
				CODE_SIGN_STYLE = Automatic;
				CURRENT_PROJECT_VERSION = 1;
				DEVELOPMENT_TEAM = M439QAGBDK;
				GENERATE_INFOPLIST_FILE = YES;
				INFOPLIST_FILE = "Test task/Info.plist";
				INFOPLIST_KEY_UIApplicationSupportsIndirectInputEvents = YES;
				INFOPLIST_KEY_UILaunchStoryboardName = LaunchScreen;
				INFOPLIST_KEY_UISupportedInterfaceOrientations_iPad = "UIInterfaceOrientationPortrait UIInterfaceOrientationPortraitUpsideDown UIInterfaceOrientationLandscapeLeft UIInterfaceOrientationLandscapeRight";
				INFOPLIST_KEY_UISupportedInterfaceOrientations_iPhone = "UIInterfaceOrientationPortrait UIInterfaceOrientationLandscapeLeft UIInterfaceOrientationLandscapeRight";
				LD_RUNPATH_SEARCH_PATHS = (
					"$(inherited)",
					"@executable_path/Frameworks",
				);
				MARKETING_VERSION = 1.0;
				PRODUCT_BUNDLE_IDENTIFIER = "delete.Test-task";
				PRODUCT_NAME = "$(TARGET_NAME)";
				SWIFT_EMIT_LOC_STRINGS = YES;
				SWIFT_VERSION = 5.0;
				TARGETED_DEVICE_FAMILY = "1,2";
			};
			name = Release;
		};
		4FC0E0672C0F3B5900CB7FFB /* Debug */ = {
			isa = XCBuildConfiguration;
			buildSettings = {
				ALWAYS_EMBED_SWIFT_STANDARD_LIBRARIES = YES;
				BUNDLE_LOADER = "$(TEST_HOST)";
				CODE_SIGN_STYLE = Automatic;
				CURRENT_PROJECT_VERSION = 1;
				DEVELOPMENT_TEAM = M439QAGBDK;
				GENERATE_INFOPLIST_FILE = YES;
				IPHONEOS_DEPLOYMENT_TARGET = 17.4;
				MARKETING_VERSION = 1.0;
				PRODUCT_BUNDLE_IDENTIFIER = "delete.Test-taskTests";
				PRODUCT_NAME = "$(TARGET_NAME)";
				SWIFT_EMIT_LOC_STRINGS = NO;
				SWIFT_VERSION = 5.0;
				TARGETED_DEVICE_FAMILY = "1,2";
				TEST_HOST = "$(BUILT_PRODUCTS_DIR)/Test task.app/$(BUNDLE_EXECUTABLE_FOLDER_PATH)/Test task";
			};
			name = Debug;
		};
		4FC0E0682C0F3B5900CB7FFB /* Release */ = {
			isa = XCBuildConfiguration;
			buildSettings = {
				ALWAYS_EMBED_SWIFT_STANDARD_LIBRARIES = YES;
				BUNDLE_LOADER = "$(TEST_HOST)";
				CODE_SIGN_STYLE = Automatic;
				CURRENT_PROJECT_VERSION = 1;
				DEVELOPMENT_TEAM = M439QAGBDK;
				GENERATE_INFOPLIST_FILE = YES;
				IPHONEOS_DEPLOYMENT_TARGET = 17.4;
				MARKETING_VERSION = 1.0;
				PRODUCT_BUNDLE_IDENTIFIER = "delete.Test-taskTests";
				PRODUCT_NAME = "$(TARGET_NAME)";
				SWIFT_EMIT_LOC_STRINGS = NO;
				SWIFT_VERSION = 5.0;
				TARGETED_DEVICE_FAMILY = "1,2";
				TEST_HOST = "$(BUILT_PRODUCTS_DIR)/Test task.app/$(BUNDLE_EXECUTABLE_FOLDER_PATH)/Test task";
			};
			name = Release;
		};
		4FC0E06A2C0F3B5900CB7FFB /* Debug */ = {
			isa = XCBuildConfiguration;
			buildSettings = {
				ALWAYS_EMBED_SWIFT_STANDARD_LIBRARIES = YES;
				CODE_SIGN_STYLE = Automatic;
				CURRENT_PROJECT_VERSION = 1;
				DEVELOPMENT_TEAM = M439QAGBDK;
				GENERATE_INFOPLIST_FILE = YES;
				MARKETING_VERSION = 1.0;
				PRODUCT_BUNDLE_IDENTIFIER = "delete.Test-taskUITests";
				PRODUCT_NAME = "$(TARGET_NAME)";
				SWIFT_EMIT_LOC_STRINGS = NO;
				SWIFT_VERSION = 5.0;
				TARGETED_DEVICE_FAMILY = "1,2";
				TEST_TARGET_NAME = "Test task";
			};
			name = Debug;
		};
		4FC0E06B2C0F3B5900CB7FFB /* Release */ = {
			isa = XCBuildConfiguration;
			buildSettings = {
				ALWAYS_EMBED_SWIFT_STANDARD_LIBRARIES = YES;
				CODE_SIGN_STYLE = Automatic;
				CURRENT_PROJECT_VERSION = 1;
				DEVELOPMENT_TEAM = M439QAGBDK;
				GENERATE_INFOPLIST_FILE = YES;
				MARKETING_VERSION = 1.0;
				PRODUCT_BUNDLE_IDENTIFIER = "delete.Test-taskUITests";
				PRODUCT_NAME = "$(TARGET_NAME)";
				SWIFT_EMIT_LOC_STRINGS = NO;
				SWIFT_VERSION = 5.0;
				TARGETED_DEVICE_FAMILY = "1,2";
				TEST_TARGET_NAME = "Test task";
			};
			name = Release;
		};
/* End XCBuildConfiguration section */

/* Begin XCConfigurationList section */
		4FC0E0342C0F3B5700CB7FFB /* Build configuration list for PBXProject "Test task" */ = {
			isa = XCConfigurationList;
			buildConfigurations = (
				4FC0E0612C0F3B5900CB7FFB /* Debug */,
				4FC0E0622C0F3B5900CB7FFB /* Release */,
			);
			defaultConfigurationIsVisible = 0;
			defaultConfigurationName = Release;
		};
		4FC0E0632C0F3B5900CB7FFB /* Build configuration list for PBXNativeTarget "Test task" */ = {
			isa = XCConfigurationList;
			buildConfigurations = (
				4FC0E0642C0F3B5900CB7FFB /* Debug */,
				4FC0E0652C0F3B5900CB7FFB /* Release */,
			);
			defaultConfigurationIsVisible = 0;
			defaultConfigurationName = Release;
		};
		4FC0E0662C0F3B5900CB7FFB /* Build configuration list for PBXNativeTarget "Test taskTests" */ = {
			isa = XCConfigurationList;
			buildConfigurations = (
				4FC0E0672C0F3B5900CB7FFB /* Debug */,
				4FC0E0682C0F3B5900CB7FFB /* Release */,
			);
			defaultConfigurationIsVisible = 0;
			defaultConfigurationName = Release;
		};
		4FC0E0692C0F3B5900CB7FFB /* Build configuration list for PBXNativeTarget "Test taskUITests" */ = {
			isa = XCConfigurationList;
			buildConfigurations = (
				4FC0E06A2C0F3B5900CB7FFB /* Debug */,
				4FC0E06B2C0F3B5900CB7FFB /* Release */,
			);
			defaultConfigurationIsVisible = 0;
			defaultConfigurationName = Release;
		};
/* End XCConfigurationList section */
	};
	rootObject = 4FC0E0312C0F3B5700CB7FFB /* Project object */;
}
